
Microsoft Visual Studio Solution File, Format Version 12.00
# Visual Studio Version 17
VisualStudioVersion = 17.8.34408.163
MinimumVisualStudioVersion = 10.0.40219.1
Project("{FAE04EC0-301F-11D3-BF4B-00C04F79EFBC}") = "AdapterPattern", "AdapterPattern.csproj", "{B21B4316-5FF6-4490-9892-3587B3121B45}"
EndProject
Project("{FAE04EC0-301F-11D3-BF4B-00C04F79EFBC}") = "PayrollSystem", "..\PayrollSystem\PayrollSystem.csproj", "{E43FCB84-880A-4305-9596-F4BB96ABDE01}"
EndProject
Global
	GlobalSection(SolutionConfigurationPlatforms) = preSolution
		Debug|Any CPU = Debug|Any CPU
		Release|Any CPU = Release|Any CPU
	EndGlobalSection
	GlobalSection(ProjectConfigurationPlatforms) = postSolution
		{B21B4316-5FF6-4490-9892-3587B3121B45}.Debug|Any CPU.ActiveCfg = Debug|Any CPU
		{B21B4316-5FF6-4490-9892-3587B3121B45}.Debug|Any CPU.Build.0 = Debug|Any CPU
		{B21B4316-5FF6-4490-9892-3587B3121B45}.Release|Any CPU.ActiveCfg = Release|Any CPU
		{B21B4316-5FF6-4490-9892-3587B3121B45}.Release|Any CPU.Build.0 = Release|Any CPU
		{E43FCB84-880A-4305-9596-F4BB96ABDE01}.Debug|Any CPU.ActiveCfg = Debug|Any CPU
		{E43FCB84-880A-4305-9596-F4BB96ABDE01}.Debug|Any CPU.Build.0 = Debug|Any CPU
		{E43FCB84-880A-4305-9596-F4BB96ABDE01}.Release|Any CPU.ActiveCfg = Release|Any CPU
		{E43FCB84-880A-4305-9596-F4BB96ABDE01}.Release|Any CPU.Build.0 = Release|Any CPU
	EndGlobalSection
	GlobalSection(SolutionProperties) = preSolution
		HideSolutionNode = FALSE
	EndGlobalSection
	GlobalSection(ExtensibilityGlobals) = postSolution
		SolutionGuid = {54A3FF79-A14D-431A-8FB4-3CB4E109F6B1}
	EndGlobalSection
EndGlobal
